{
    "_meta": {
        "hash": {
            "sha256": "9e3a3ad1da6d1e7957f006f6b539965443ffab38a01b781aed9ec11e6b535743"
        },
        "pipfile-spec": 6,
        "requires": {
            "python_version": "3.7"
        },
        "sources": [
            {
                "name": "pypi",
                "url": "https://pypi.org/simple",
                "verify_ssl": true
            }
        ]
    },
    "default": {
        "certifi": {
            "hashes": [
                "sha256:47f9c83ef4c0c621eaef743f133f09fa8a74a9b75f037e8624f83bd1b6626cb7",
                "sha256:993f830721089fef441cdfeb4b2c8c9df86f0c63239f06bd025a76a7daddb033"
            ],
            "version": "==2018.11.29"
        },
        "chardet": {
            "hashes": [
                "sha256:84ab92ed1c4d4f16916e05906b6b75a6c0fb5db821cc65e70cbd64a3e2a5eaae",
                "sha256:fc323ffcaeaed0e0a02bf4d117757b98aed530d9ed4531e3e15460124c106691"
            ],
            "version": "==3.0.4"
        },
        "click": {
            "hashes": [
                "sha256:2335065e6395b9e67ca716de5f7526736bfa6ceead690adf616d925bdc622b13",
                "sha256:5b94b49521f6456670fdb30cd82a4eca9412788a93fa6dd6df72c94d5a8ff2d7"
            ],
            "version": "==7.0"
        },
        "enum-compat": {
            "hashes": [
                "sha256:939ceff18186a5762ae4db9fa7bfe017edbd03b66526b798dd8245394c8a4192"
            ],
            "version": "==0.0.2"
        },
        "flask": {
            "hashes": [
                "sha256:2271c0070dbcb5275fad4a82e29f23ab92682dc45f9dfbc22c02ba9b9322ce48",
                "sha256:a080b744b7e345ccfcbc77954861cb05b3c63786e93f2b3875e0913d44b43f05"
            ],
            "index": "pypi",
            "version": "==1.0.2"
        },
        "future": {
            "hashes": [
                "sha256:67045236dcfd6816dc439556d009594abf643e5eb48992e36beac09c2ca659b8"
            ],
            "version": "==0.17.1"
        },
        "gevent": {
            "hashes": [
                "sha256:0774babec518a24d9a7231d4e689931f31b332c4517a771e532002614e270a64",
                "sha256:0e1e5b73a445fe82d40907322e1e0eec6a6745ca3cea19291c6f9f50117bb7ea",
                "sha256:0ff2b70e8e338cf13bedf146b8c29d475e2a544b5d1fe14045aee827c073842c",
                "sha256:107f4232db2172f7e8429ed7779c10f2ed16616d75ffbe77e0e0c3fcdeb51a51",
                "sha256:14b4d06d19d39a440e72253f77067d27209c67e7611e352f79fe69e0f618f76e",
                "sha256:1b7d3a285978b27b469c0ff5fb5a72bcd69f4306dbbf22d7997d83209a8ba917",
                "sha256:1eb7fa3b9bd9174dfe9c3b59b7a09b768ecd496debfc4976a9530a3e15c990d1",
                "sha256:2711e69788ddb34c059a30186e05c55a6b611cb9e34ac343e69cf3264d42fe1c",
                "sha256:28a0c5417b464562ab9842dd1fb0cc1524e60494641d973206ec24d6ec5f6909",
                "sha256:3249011d13d0c63bea72d91cec23a9cf18c25f91d1f115121e5c9113d753fa12",
                "sha256:44089ed06a962a3a70e96353c981d628b2d4a2f2a75ea5d90f916a62d22af2e8",
                "sha256:4bfa291e3c931ff3c99a349d8857605dca029de61d74c6bb82bd46373959c942",
                "sha256:50024a1ee2cf04645535c5ebaeaa0a60c5ef32e262da981f4be0546b26791950",
                "sha256:53b72385857e04e7faca13c613c07cab411480822ac658d97fd8a4ddbaf715c8",
                "sha256:74b7528f901f39c39cdbb50cdf08f1a2351725d9aebaef212a29abfbb06895ee",
                "sha256:7d0809e2991c9784eceeadef01c27ee6a33ca09ebba6154317a257353e3af922",
                "sha256:896b2b80931d6b13b5d9feba3d4eebc67d5e6ec54f0cf3339d08487d55d93b0e",
                "sha256:8d9ec51cc06580f8c21b41fd3f2b3465197ba5b23c00eb7d422b7ae0380510b0",
                "sha256:9f7a1e96fec45f70ad364e46de32ccacab4d80de238bd3c2edd036867ccd48ad",
                "sha256:ab4dc33ef0e26dc627559786a4fba0c2227f125db85d970abbf85b77506b3f51",
                "sha256:d1e6d1f156e999edab069d79d890859806b555ce4e4da5b6418616322f0a3df1",
                "sha256:d752bcf1b98174780e2317ada12013d612f05116456133a6acf3e17d43b71f05",
                "sha256:e5bcc4270671936349249d26140c267397b7b4b1381f5ec8b13c53c5b53ab6e1"
            ],
            "version": "==1.4.0"
        },
        "graphviz": {
            "hashes": [
                "sha256:4958a19cbd8461757a08db308a4a15c3d586660417e1e364f0107d2fe481689f",
                "sha256:7caa53f0b0be42c5f2eaa3f3d71dcc863b15bacceb5d531c2ad7519e1980ff82"
            ],
            "version": "==0.8.4"
        },
        "greenlet": {
            "hashes": [
                "sha256:000546ad01e6389e98626c1367be58efa613fa82a1be98b0c6fc24b563acc6d0",
                "sha256:0d48200bc50cbf498716712129eef819b1729339e34c3ae71656964dac907c28",
                "sha256:23d12eacffa9d0f290c0fe0c4e81ba6d5f3a5b7ac3c30a5eaf0126bf4deda5c8",
                "sha256:37c9ba82bd82eb6a23c2e5acc03055c0e45697253b2393c9a50cef76a3985304",
                "sha256:51503524dd6f152ab4ad1fbd168fc6c30b5795e8c70be4410a64940b3abb55c0",
                "sha256:8041e2de00e745c0e05a502d6e6db310db7faa7c979b3a5877123548a4c0b214",
                "sha256:81fcd96a275209ef117e9ec91f75c731fa18dcfd9ffaa1c0adbdaa3616a86043",
                "sha256:853da4f9563d982e4121fed8c92eea1a4594a2299037b3034c3c898cb8e933d6",
                "sha256:8b4572c334593d449113f9dc8d19b93b7b271bdbe90ba7509eb178923327b625",
                "sha256:9416443e219356e3c31f1f918a91badf2e37acf297e2fa13d24d1cc2380f8fbc",
                "sha256:9854f612e1b59ec66804931df5add3b2d5ef0067748ea29dc60f0efdcda9a638",
                "sha256:99a26afdb82ea83a265137a398f570402aa1f2b5dfb4ac3300c026931817b163",
                "sha256:a19bf883b3384957e4a4a13e6bd1ae3d85ae87f4beb5957e35b0be287f12f4e4",
                "sha256:a9f145660588187ff835c55a7d2ddf6abfc570c2651c276d3d4be8a2766db490",
                "sha256:ac57fcdcfb0b73bb3203b58a14501abb7e5ff9ea5e2edfa06bb03035f0cff248",
                "sha256:bcb530089ff24f6458a81ac3fa699e8c00194208a724b644ecc68422e1111939",
                "sha256:beeabe25c3b704f7d56b573f7d2ff88fc99f0138e43480cecdfcaa3b87fe4f87",
                "sha256:d634a7ea1fc3380ff96f9e44d8d22f38418c1c381d5fac680b272d7d90883720",
                "sha256:d97b0661e1aead761f0ded3b769044bb00ed5d33e1ec865e891a8b128bf7c656"
            ],
            "markers": "platform_python_implementation == 'CPython'",
            "version": "==0.4.15"
        },
        "gunicorn": {
            "hashes": [
                "sha256:aa8e0b40b4157b36a5df5e599f45c9c76d6af43845ba3b3b0efe2c70473c2471",
                "sha256:fa2662097c66f920f53f70621c6c58ca4a3c4d3434205e608e121b5b3b71f4f3"
            ],
            "index": "pypi",
            "version": "==19.9.0"
        },
        "idna": {
            "hashes": [
                "sha256:c357b3f628cf53ae2c4c05627ecc484553142ca23264e593d327bcde5e9c3407",
                "sha256:ea8b7f6188e6fa117537c3df7da9fc686d485087abf6ac197f9c46432f7e4a3c"
            ],
            "version": "==2.8"
        },
        "itsdangerous": {
            "hashes": [
                "sha256:321b033d07f2a4136d3ec762eac9f16a10ccd60f53c0c91af90217ace7ba1f19",
                "sha256:b12271b2047cb23eeb98c8b5622e2e5c5e9abd9784a153e9d8ef9cb4dd09d749"
            ],
            "version": "==1.1.0"
        },
        "jinja2": {
            "hashes": [
                "sha256:74c935a1b8bb9a3947c50a54766a969d4846290e1e788ea44c1392163723c3bd",
                "sha256:f84be1bb0040caca4cea721fcbbbbd61f9be9464ca236387158b0feea01914a4"
            ],
            "version": "==2.10"
        },
        "locustio": {
            "hashes": [
                "sha256:be7b44468b8683def983e7451ab505cd85fff8d06f6b75ad7c899cedbbf789ac",
                "sha256:c77b471e0e08e215c93a7af9a95b79193268072873fbbc0effca40f3d9b58be4"
            ],
            "index": "pypi",
            "version": "==0.9.0"
        },
        "markupsafe": {
            "hashes": [
                "sha256:00bc623926325b26bb9605ae9eae8a215691f33cae5df11ca5424f06f2d1f473",
                "sha256:09027a7803a62ca78792ad89403b1b7a73a01c8cb65909cd876f7fcebd79b161",
                "sha256:09c4b7f37d6c648cb13f9230d847adf22f8171b1ccc4d5682398e77f40309235",
                "sha256:1027c282dad077d0bae18be6794e6b6b8c91d58ed8a8d89a89d59693b9131db5",
                "sha256:24982cc2533820871eba85ba648cd53d8623687ff11cbb805be4ff7b4c971aff",
                "sha256:29872e92839765e546828bb7754a68c418d927cd064fd4708fab9fe9c8bb116b",
                "sha256:43a55c2930bbc139570ac2452adf3d70cdbb3cfe5912c71cdce1c2c6bbd9c5d1",
                "sha256:46c99d2de99945ec5cb54f23c8cd5689f6d7177305ebff350a58ce5f8de1669e",
                "sha256:500d4957e52ddc3351cabf489e79c91c17f6e0899158447047588650b5e69183",
                "sha256:535f6fc4d397c1563d08b88e485c3496cf5784e927af890fb3c3aac7f933ec66",
                "sha256:62fe6c95e3ec8a7fad637b7f3d372c15ec1caa01ab47926cfdf7a75b40e0eac1",
                "sha256:6dd73240d2af64df90aa7c4e7481e23825ea70af4b4922f8ede5b9e35f78a3b1",
                "sha256:717ba8fe3ae9cc0006d7c451f0bb265ee07739daf76355d06366154ee68d221e",
                "sha256:79855e1c5b8da654cf486b830bd42c06e8780cea587384cf6545b7d9ac013a0b",
                "sha256:7c1699dfe0cf8ff607dbdcc1e9b9af1755371f92a68f706051cc8c37d447c905",
                "sha256:88e5fcfb52ee7b911e8bb6d6aa2fd21fbecc674eadd44118a9cc3863f938e735",
                "sha256:8defac2f2ccd6805ebf65f5eeb132adcf2ab57aa11fdf4c0dd5169a004710e7d",
                "sha256:98c7086708b163d425c67c7a91bad6e466bb99d797aa64f965e9d25c12111a5e",
                "sha256:9add70b36c5666a2ed02b43b335fe19002ee5235efd4b8a89bfcf9005bebac0d",
                "sha256:9bf40443012702a1d2070043cb6291650a0841ece432556f784f004937f0f32c",
                "sha256:ade5e387d2ad0d7ebf59146cc00c8044acbd863725f887353a10df825fc8ae21",
                "sha256:b00c1de48212e4cc9603895652c5c410df699856a2853135b3967591e4beebc2",
                "sha256:b1282f8c00509d99fef04d8ba936b156d419be841854fe901d8ae224c59f0be5",
                "sha256:b2051432115498d3562c084a49bba65d97cf251f5a331c64a12ee7e04dacc51b",
                "sha256:ba59edeaa2fc6114428f1637ffff42da1e311e29382d81b339c1817d37ec93c6",
                "sha256:c8716a48d94b06bb3b2524c2b77e055fb313aeb4ea620c8dd03a105574ba704f",
                "sha256:cd5df75523866410809ca100dc9681e301e3c27567cf498077e8551b6d20e42f",
                "sha256:e249096428b3ae81b08327a63a485ad0878de3fb939049038579ac0ef61e17e7"
            ],
            "version": "==1.1.1"
        },
        "model-archiver": {
            "extras": [
                "onnx"
            ],
            "hashes": [
                "sha256:b2d5b994aa6e6edebfc690ffc2a24438612ee04a20e8396adf06636175e46275"
            ],
            "index": "pypi",
            "version": "==1.0.1"
        },
        "msgpack": {
            "hashes": [
                "sha256:26cb40116111c232bc235ce131cc3b4e76549088cb154e66a2eb8ff6fcc907ec",
                "sha256:300fd3f2c664a3bf473d6a952f843b4a71454f4c592ed7e74a36b205c1782d28",
                "sha256:3129c355342853007de4a2a86e75eab966119733eb15748819b6554363d4e85c",
                "sha256:31f6d645ee5a97d59d3263fab9e6be76f69fa131cddc0d94091a3c8aca30d67a",
                "sha256:3ce7ef7ee2546c3903ca8c934d09250531b80c6127e6478781ae31ed835aac4c",
                "sha256:4008c72f5ef2b7936447dcb83db41d97e9791c83221be13d5e19db0796df1972",
                "sha256:62bd8e43d204580308d477a157b78d3fee2fb4c15d32578108dc5d89866036c8",
                "sha256:70cebfe08fb32f83051971264466eadf183101e335d8107b80002e632f425511",
                "sha256:72cb7cf85e9df5251abd7b61a1af1fb77add15f40fa7328e924a9c0b6bc7a533",
                "sha256:7c55649965c35eb32c499d17dadfb8f53358b961582846e1bc06f66b9bccc556",
                "sha256:86b963a5de11336ec26bc4f839327673c9796b398b9f1fe6bb6150c2a5d00f0f",
                "sha256:8c73c9bcdfb526247c5e4f4f6cf581b9bb86b388df82cfcaffde0a6e7bf3b43a",
                "sha256:8e68c76c6aff4849089962d25346d6784d38e02baa23ffa513cf46be72e3a540",
                "sha256:97ac6b867a8f63debc64f44efdc695109d541ecc361ee2dce2c8884ab37360a1",
                "sha256:9d4f546af72aa001241d74a79caec278bcc007b4bcde4099994732e98012c858",
                "sha256:a28e69fe5468c9f5251c7e4e7232286d71b7dfadc74f312006ebe984433e9746",
                "sha256:fd509d4aa95404ce8d86b4e32ce66d5d706fd6646c205e1c2a715d87078683a2"
            ],
            "version": "==0.6.1"
        },
        "mxnet": {
            "hashes": [
                "sha256:1a376874c3fb22c387155b9f2b1a2ff6afc73757e32582681bd2b972b59870c3",
                "sha256:806c86364d333410f475cdf4e31d7884164565bcf83b8e59c993ccf83ed95e18",
                "sha256:83ab17951199d87618d43d730372c143834e0b11eee6fe0d3e4dfc66184f8d54",
                "sha256:8e568faa47c1d50213998c207bd96945d7b17a28e612fc9d46fe961f0e5cff3a",
                "sha256:d66a9d1d4e793f439b8559fd1e9c9a6857d9571dfca257b23345f24ce086434f",
                "sha256:dffe6efa3f7b471e1986a60d2bd7cd0fdee7941c3ac0a2c106c2510e174ee883"
            ],
            "index": "pypi",
            "version": "==1.4.0"
        },
        "mxnet-mkl": {
            "hashes": [
                "sha256:1a76ff441905fd48edc86dc1eca05e8d29b854601a537f602e1eed6c4205bc5c",
                "sha256:1da5b4b7c3aa631f55ce2376710be6ff10b9f4d0b83b8887708b4de303476564",
                "sha256:48757ab175f7a5b072281907975bd801a6281b9bff2ff773ed3f7252142c09a8",
                "sha256:4a3e805147dd4d24be2aea4db5b880787ddaa7a8add272abb837ac44943ceeaf",
                "sha256:779bb4ec1f79a5673822eed34383d8aa598274e6226f1bee6ccf56e13a8b1c24",
                "sha256:e9b86764ad698f229433867cd757706ab68d93676b515953442adfd49993ec2b"
            ],
            "index": "pypi",
            "version": "==1.4.0"
        },
        "mxnet-model-server": {
            "hashes": [
                "sha256:fa63624eb82951547204f17bb972d6a82073e81c4075ebd8993ea2f59f4c26f0"
            ],
            "index": "pypi",
            "version": "==1.0.1"
        },
        "netron": {
            "hashes": [
                "sha256:d62757a31abaa653ce2f694c14eeeb3e3f0bfcf7132dae3fecd6e7bab3602fba"
            ],
            "index": "pypi",
            "version": "==2.9.2"
        },
        "numpy": {
            "hashes": [
                "sha256:057ca467673a4b0422a9365ea0b53572813764f60896d3d1423f5cc9d2dd0d02",
                "sha256:0e7c5e5358be186e0d6c73a9b34e1b890602ac1db413adc61794e2e3e02ec65c",
                "sha256:1250edf6f6c43e1d7823f0967416bc18258bb271dc536298eb0ea00a9e45b80a",
                "sha256:1454aca5a62fe18bb2828ea1b2f9d1534afed7216c13404a6657cda57937c54b",
                "sha256:1718e009ac6699868c82c4ed154e64945479f5c3d8826b2e10c470e9fad7bd18",
                "sha256:1b07024c4d87bf7a0738c438aa7fb709f9d7c093513bb8ffb2ac849f4553658c",
                "sha256:33acfba9f453b0b6465c0aa5fe5cb0d32b8483850bc8cc776b4d3cc96595aa03",
                "sha256:35be3f06ad20030bfba9ae199fa5d5474aebeabb3197d2ce9fcd8c417f7415e3",
                "sha256:40f9c0ae71453e4d28d40e502e531e72810bf3b12b2d55cad939ab86a26ead42",
                "sha256:4ab59a69a627ee73a2723b60723abfe0404947c16acef7b0880d6bbec93ba7cd",
                "sha256:4c774c852cad87f692e6b3e374ba7074c7a9897cf4bafcc47ad48142d455f3ae",
                "sha256:4e2f4c7031507b23b14056a4bc2b4cbe865607f55b45bfc15cc745a268bc817e",
                "sha256:686869ff6adc49b3066fdb44198c0655603b33e2c4d852a04c6a84cd8b224786",
                "sha256:6d3e10394dada2cdf8ba354025ddf15a744b4e833c77347e31547c4b5c77deab",
                "sha256:6eb031402a278a6fa5838e543cf36ed6d21a6ee90e9a2803570d47908ca5e9fd",
                "sha256:6f2a52bb05c560fd6f29d7b49dfe8b4d7c5445c448e5587969446a0f10cf9164",
                "sha256:7ce70ef6fd9bdfafd896c617761129fafaa06e4683d0bfbf3c56a87c89e02d61",
                "sha256:964c2c6a9e0ecac54a368effa26a89a97b2e15266dc68dc78f2519f3040be623",
                "sha256:a1cafe27328c1f01127297f11e2be25d5d3821d2654a7459e017cfce98258995",
                "sha256:bd6b3906a50f9ad755e2c21a78661eff1bbaab3c803c0fcf22927ec50372dba6",
                "sha256:d37f058ea9a2fd2a9160b0cc65bbfb302dfcea8d5fe178299938d95d7bfa2b83",
                "sha256:d3f22c0781ad5fe51d7210f36a91f01620355520996fc332a1d0cf24e0cab794",
                "sha256:db10d3d10658a847f85fe9df0d5fe6df190a30d32423d670c3824580e373c0a8",
                "sha256:df2937c62d8d3059c1396c7cacfc12577c0923e2a37557592759358848b1544c",
                "sha256:e11e5eba43e0d8b077aafa11e43db7a77af4fa435557972dd3570898e0cbb736",
                "sha256:e5daec856ea0e1111391179449b855aa29f1433ac507adc3d6c00a96abb438cb",
                "sha256:f1dd9a8ecbe9f8f13652afe04c470bb837578e402a3641649ddc41764d0e4326",
                "sha256:fe909f8d14b2f16ea5d9ec2234fc0ffbfccccaef1ba6bc27d9d21acfe8cc72e1"
            ],
            "version": "==1.14.6"
        },
        "onnx": {
            "hashes": [
                "sha256:44c9a09f4d9dc7b5c1df1e7202afa7756e1d90aea2ae8f3bad57655f95f4ba88"
            ],
            "index": "pypi",
            "version": "==1.1.1"
        },
        "pillow": {
            "hashes": [
                "sha256:051de330a06c99d6f84bcf582960487835bcae3fc99365185dc2d4f65a390c0e",
                "sha256:0ae5289948c5e0a16574750021bd8be921c27d4e3527800dc9c2c1d2abc81bf7",
                "sha256:0b1efce03619cdbf8bcc61cfae81fcda59249a469f31c6735ea59badd4a6f58a",
                "sha256:163136e09bd1d6c6c6026b0a662976e86c58b932b964f255ff384ecc8c3cefa3",
                "sha256:18e912a6ccddf28defa196bd2021fe33600cbe5da1aa2f2e2c6df15f720b73d1",
                "sha256:24ec3dea52339a610d34401d2d53d0fb3c7fd08e34b20c95d2ad3973193591f1",
                "sha256:267f8e4c0a1d7e36e97c6a604f5b03ef58e2b81c1becb4fccecddcb37e063cc7",
                "sha256:3273a28734175feebbe4d0a4cde04d4ed20f620b9b506d26f44379d3c72304e1",
                "sha256:4c678e23006798fc8b6f4cef2eaad267d53ff4c1779bd1af8725cc11b72a63f3",
                "sha256:4d4bc2e6bb6861103ea4655d6b6f67af8e5336e7216e20fff3e18ffa95d7a055",
                "sha256:505738076350a337c1740a31646e1de09a164c62c07db3b996abdc0f9d2e50cf",
                "sha256:5233664eadfa342c639b9b9977190d64ad7aca4edc51a966394d7e08e7f38a9f",
                "sha256:5d95cb9f6cced2628f3e4de7e795e98b2659dfcc7176ab4a01a8b48c2c2f488f",
                "sha256:7eda4c737637af74bac4b23aa82ea6fbb19002552be85f0b89bc27e3a762d239",
                "sha256:801ddaa69659b36abf4694fed5aa9f61d1ecf2daaa6c92541bbbbb775d97b9fe",
                "sha256:825aa6d222ce2c2b90d34a0ea31914e141a85edefc07e17342f1d2fdf121c07c",
                "sha256:9c215442ff8249d41ff58700e91ef61d74f47dfd431a50253e1a1ca9436b0697",
                "sha256:a3d90022f2202bbb14da991f26ca7a30b7e4c62bf0f8bf9825603b22d7e87494",
                "sha256:a631fd36a9823638fe700d9225f9698fb59d049c942d322d4c09544dc2115356",
                "sha256:a6523a23a205be0fe664b6b8747a5c86d55da960d9586db039eec9f5c269c0e6",
                "sha256:a756ecf9f4b9b3ed49a680a649af45a8767ad038de39e6c030919c2f443eb000",
                "sha256:b117287a5bdc81f1bac891187275ec7e829e961b8032c9e5ff38b70fd036c78f",
                "sha256:ba04f57d1715ca5ff74bb7f8a818bf929a204b3b3c2c2826d1e1cc3b1c13398c",
                "sha256:cd878195166723f30865e05d87cbaf9421614501a4bd48792c5ed28f90fd36ca",
                "sha256:cee815cc62d136e96cf76771b9d3eb58e0777ec18ea50de5cfcede8a7c429aa8",
                "sha256:d1722b7aa4b40cf93ac3c80d3edd48bf93b9208241d166a14ad8e7a20ee1d4f3",
                "sha256:d7c1c06246b05529f9984435fc4fa5a545ea26606e7f450bdbe00c153f5aeaad",
                "sha256:e9c8066249c040efdda84793a2a669076f92a301ceabe69202446abb4c5c5ef9",
                "sha256:f227d7e574d050ff3996049e086e1f18c7bd2d067ef24131e50a1d3fe5831fbc",
                "sha256:fc9a12aad714af36cf3ad0275a96a733526571e52710319855628f476dcb144e"
            ],
            "version": "==5.4.1"
        },
        "protobuf": {
            "hashes": [
                "sha256:03666634d038e35d90155756914bc3a6316e8bcc0d300f3ee539e586889436b9",
                "sha256:049d5900e442d4cc0fd2afd146786b429151e2b29adebed28e6376026ab0ee0b",
                "sha256:0eb9e62a48cc818b1719b5035042310c7e4f57b01f5283b32998c68c2f1c6a7c",
                "sha256:255d10c2c9059964f6ebb5c900a830fc8a089731dda94a5cc873f673193d208b",
                "sha256:358cc59e4e02a15d3725f204f2eb5777fc10595e2d9a9c4c8d82292f49af6d41",
                "sha256:41f1b737d5f97f1e2af23d16fac6c0b8572f9c7ea73054f1258ca57f4f97cb80",
                "sha256:6a5129576a2cf925cd100e06ead5f9ae4c86db70a854fb91cedb8d680112734a",
                "sha256:80722b0d56dcb7ca8f75f99d8dadd7c7efd0d2265714d68f871ed437c32d82b3",
                "sha256:88a960e949ec356f7016d84f8262dcff2b842fca5355b4c1be759f5c103b19b3",
                "sha256:97872686223f47d95e914881cb0ca46e1bc622562600043da9edddcb54f2fe1e",
                "sha256:a1df9d22433ab44b7c7e0bd33817134832ae8a8f3d93d9b9719fc032c5b20e96",
                "sha256:ad385fbb9754023d17be14dd5aa67efff07f43c5df7f93118aef3c20e635ea19",
                "sha256:b2d5ee7ba5c03b735c02e6ae75fd4ff8c831133e7ca078f2963408dc7beac428",
                "sha256:c8c07cd8635d45b28ec53ee695e5ac8b0f9d9a4ae488a8d8ee168fe8fc75ba43",
                "sha256:d44ebc9838b183e8237e7507885d52e8d08c48fdc953fd4a7ee3e56cb9d20977",
                "sha256:dff97b0ee9256f0afdfc9eaa430736cdcdc18899d9a666658f161afd137cf93d",
                "sha256:e47d248d614c68e4b029442de212bdd4f6ae02ae36821de319ae90314ea2578c",
                "sha256:e650b521b429fed3d525428b1401a40051097a5a92c30076c91f36b31717e087"
            ],
            "version": "==3.7.0"
        },
        "psutil": {
            "hashes": [
                "sha256:5ce6b5eb0267233459f4d3980c205828482f450999b8f5b684d9629fea98782a",
                "sha256:72cebfaa422b7978a1d3632b65ff734a34c6b34f4578b68a5c204d633756b810",
                "sha256:77c231b4dff8c1c329a4cd1c22b96c8976c597017ff5b09993cd148d6a94500c",
                "sha256:8846ab0be0cdccd6cc92ecd1246a16e2f2e49f53bd73e522c3a75ac291e1b51d",
                "sha256:a013b4250ccbddc9d22feca0f986a1afc71717ad026c0f2109bbffd007351191",
                "sha256:ad43b83119eeea6d5751023298cd331637e542cbd332196464799e25a5519f8f",
                "sha256:c177777c787d247d02dae6c855330f9ed3e1abf8ca1744c26dd5ff968949999a",
                "sha256:ec1ef313530a9457e48d25e3fdb1723dfa636008bf1b970027462d46f2555d59",
                "sha256:ef3e5e02b3c5d1df366abe7b4820400d5c427579668ad4465ff189d28ded5ebd"
            ],
            "version": "==5.5.1"
        },
        "pyzmq": {
            "hashes": [
                "sha256:07a03450418694fb07e76a0191b6bc9f411afc8e364ca2062edcf28bb0e51c63",
                "sha256:15f0bf7cd80020f165635595e197603aedb37fddf4164ad5ae226afc43242f7b",
                "sha256:1756dc72e192c670490e38c788c3a35f901adc74ee436e5131d5a3e85fdd7dc6",
                "sha256:1d1eb490da54679d724b08ef3ee04530849023670c4ba7e400ed2cdf906720c4",
                "sha256:228402625796821f08706f58cc42a3c51c9897d723550babaefe4feec2b6dacc",
                "sha256:264ac9dcee6a7af2bce4b61f2d19e5926118a5caa629b50f107ef6318670a364",
                "sha256:2b5a43da65f5dec857184d5c2ce13b80071019e96358f146bdecff7238765bc9",
                "sha256:3928534fa00a2aabfcfdb439c08ba37fbe99ab0cf57776c8db8d2b73a51693ba",
                "sha256:3d2a295b1086d450981f73d3561ac204a0cc9c8ded386a4a34327d918f3b1d0a",
                "sha256:411def5b4cbe6111856040a55c8048df113882e90c57ce88de4a48f0189441ac",
                "sha256:4b77e96a7ffc1c5e08eaf274db554f227b31717d086adca1bb42b12ef35a7194",
                "sha256:4c87fa3e449e1f4ab9170cdfe8213dc0ba34a11b160e6adecafa892e451a29b6",
                "sha256:4fd8621a309db6ec23ef1369f43cdf7a9b0dc217d8ff9ca4095a6e932b379bda",
                "sha256:54fe55a1694ffe608c8e4c5183e83cab7a91f3e5c84bd6f188868d6676c12aba",
                "sha256:60acabd86808a16a895a247fd2bf7a127284a33562d79687bb5df163cff068b2",
                "sha256:618887be4ad754228c0cbba7631f6574608b4430fe93974e6322324f1304fdac",
                "sha256:69130efb6efa936de601cb135a8a4eec1caccd4ea2b784237145ff4075c2d3ae",
                "sha256:6e7f78eeac82140bde7e60e975c6e6b1b678a4dd377782ab63319c1c78bf3aa1",
                "sha256:6ee760cdb84e43574da6b3f2f1fc1251e8acf87253900d28a06451c5f5de39e9",
                "sha256:75c87f1dc1e65cea4b709f2ebc78fa18d4b475e41463502aec9cd26208b88e0f",
                "sha256:97cb1b7cd2c46e87b0a26651eccd2bbb8c758035efd1635ebb81ac36aa76a88c",
                "sha256:abfa774dbadacc849121ed92eae05189d226daab583388b499472e1bbb17ef69",
                "sha256:ae3d2627d74195ddc95675f2f814aca998381b73dc4341b9e10e3e191e1bdb0b",
                "sha256:b30c339eb58355f51f4f54dd61d785f1ff58c86bca1c3a5916977631d121867b",
                "sha256:cbabdced5b137cd56aa22633f13ac5690029a0ad43ab6c05f53206e489178362"
            ],
            "version": "==18.0.0"
        },
        "requests": {
            "hashes": [
                "sha256:502a824f31acdacb3a35b6690b5fbf0bc41d63a24a45c4004352b0242707598e",
                "sha256:7bf2a778576d825600030a110f3c0e3e8edc51dfaafe1c146e39a2027784957b"
            ],
            "version": "==2.21.0"
        },
        "scipy": {
            "hashes": [
                "sha256:014cb900c003b5ac81a53f2403294e8ecf37aedc315b59a6b9370dce0aa7627a",
                "sha256:281a34da34a5e0de42d26aed692ab710141cad9d5d218b20643a9cb538ace976",
                "sha256:588f9cc4bfab04c45fbd19c1354b5ade377a8124d6151d511c83730a9b6b2338",
                "sha256:5a10661accd36b6e2e8855addcf3d675d6222006a15795420a39c040362def66",
                "sha256:628f60be272512ca1123524969649a8cb5ae8b31cca349f7c6f8903daf9034d7",
                "sha256:6dcc43a88e25b815c2dea1c6fac7339779fc988f5df8396e1de01610604a7c38",
                "sha256:70e37cec0ac0fe95c85b74ca4e0620169590fd5d3f44765f3c3a532cedb0e5fd",
                "sha256:7274735fb6fb5d67d3789ddec2cd53ed6362539b41aa6cc0d33a06c003aaa390",
                "sha256:78e12972e144da47326958ac40c2bd1c1cca908edc8b01c26a36f9ffd3dce466",
                "sha256:790cbd3c8d09f3a6d9c47c4558841e25bac34eb7a0864a9def8f26be0b8706af",
                "sha256:79792c8fe8e9d06ebc50fe23266522c8c89f20aa94ac8e80472917ecdce1e5ba",
                "sha256:865afedf35aaef6df6344bee0de391ee5e99d6e802950a237f9fb9b13e441f91",
                "sha256:870fd401ec7b64a895cff8e206ee16569158db00254b2f7157b4c9a5db72c722",
                "sha256:963815c226b29b0176d5e3d37fc9de46e2778ce4636a5a7af11a48122ef2577c",
                "sha256:9726791484f08e394af0b59eb80489ad94d0a53bbb58ab1837dcad4d58489863",
                "sha256:9de84a71bb7979aa8c089c4fb0ea0e2ed3917df3fb2a287a41aaea54bbad7f5d",
                "sha256:b2c324ddc5d6dbd3f13680ad16a29425841876a84a1de23a984236d1afff4fa6",
                "sha256:b86ae13c597fca087cb8c193870507c8916cefb21e52e1897da320b5a35075e5",
                "sha256:ba0488d4dbba2af5bf9596b849873102d612e49a118c512d9d302ceafa36e01a",
                "sha256:d78702af4102a3a4e23bb7372cec283e78f32f5573d92091aa6aaba870370fe1",
                "sha256:def0e5d681dd3eb562b059d355ae8bebe27f5cc455ab7c2b6655586b63d3a8ea",
                "sha256:e085d1babcb419bbe58e2e805ac61924dac4ca45a07c9fa081144739e500aa3c",
                "sha256:e2cfcbab37c082a5087aba5ff00209999053260441caadd4f0e8f4c2d6b72088",
                "sha256:e742f1f5dcaf222e8471c37ee3d1fd561568a16bb52e031c25674ff1cf9702d5",
                "sha256:f06819b028b8ef9010281e74c59cb35483933583043091ed6b261bb1540f11cc",
                "sha256:f15f2d60a11c306de7700ee9f65df7e9e463848dbea9c8051e293b704038da60",
                "sha256:f31338ee269d201abe76083a990905473987371ff6f3fdb76a3f9073a361cf37",
                "sha256:f6b88c8d302c3dac8dff7766955e38d670c82e0d79edfc7eae47d6bb2c186594"
            ],
            "index": "pypi",
            "version": "==1.2.1"
        },
        "six": {
            "hashes": [
                "sha256:3350809f0555b11f552448330d0b52d5f24c91a322ea4a15ef22629740f3761c",
                "sha256:d16a0141ec1a18405cd4ce8b4613101da75da0e9a7aec5bdd4fa804d0e0eba73"
            ],
            "version": "==1.12.0"
        },
        "torch": {
            "hashes": [
                "sha256:2e04bcc8b6536ba01a924cbcfb9eff2428be6c9cc73956df38dfcf63c948fbf5",
                "sha256:40ad926ebdef6db70811102ae1448584a0c338a2fce2ff718533b9016664398e",
                "sha256:43e40d9cf70d038fe9a9c06eaadf3f39756fe76a530a0bd1dec9f21654ee5851",
                "sha256:639e9414cd3a787c807206199bf3285815a41fac9b2e20aca0db9a971db5399e",
                "sha256:652b70751bbe974370feff27f51b6cd7856c14a57eb06fdd1c9f2dfcc2731401",
                "sha256:7822918f3d32a99db2bb5616a5c28d989d6e4b6a54d720cb25e60551dacafa1e",
                "sha256:96fd5e8ffc117f79d1baaa65da601d35411f341d90d8ca1204236925f164b043",
                "sha256:a002d509e98a3ea17f45affc5c440808d7ac119d7510bb27da7b184aafb59943",
                "sha256:c8dd2478d3e8c0da293c618be60432bb166fe36c50663e26b1fe9e7123365fe5"
            ],
            "index": "pypi",
            "version": "==1.0.1.post2"
        },
        "torchtext": {
            "hashes": [
                "sha256:7b5bc7af67d9c3892bdf6f4895734768f2836c13156a783c96597168176ce2d5",
                "sha256:869e0860917b5a8660ebaa468f3cd3104a7acf3941a1f86e8e9a8ea61e78113d",
                "sha256:963160f97cf449edad1183e95d2dd0b4694225b7060a1a8b23e71bccb08022e0"
            ],
            "index": "pypi",
            "version": "==0.3.1"
        },
        "torchvision": {
            "hashes": [
                "sha256:4911188843c10a2c66e8f3d0c3989647e626a7a75b8387e2dbbb3e5aa96887ad"
            ],
            "index": "pypi",
            "version": "==0.2.2.post3"
        },
        "tqdm": {
            "hashes": [
                "sha256:d385c95361699e5cf7622485d9b9eae2d4864b21cd5a2374a9c381ffed701021",
                "sha256:e22977e3ebe961f72362f6ddfb9197cc531c9737aaf5f607ef09740c849ecd05"
            ],
            "version": "==4.31.1"
        },
        "urllib3": {
            "hashes": [
                "sha256:61bf29cada3fc2fbefad4fdf059ea4bd1b4a86d2b6d15e1c7c0b582b9752fe39",
                "sha256:de9529817c93f27c8ccbfead6985011db27bd0ddfcdb2d86f3f663385c6a9c22"
            ],
            "version": "==1.24.1"
        },
        "werkzeug": {
            "hashes": [
                "sha256:c3fd7a7d41976d9f44db327260e263132466836cef6f91512889ed60ad26557c",
                "sha256:d5da73735293558eb1651ee2fddc4d0dedcfa06538b8813a2e20011583c9e49b"
            ],
            "version": "==0.14.1"
        }
    },
    "develop": {}
}
